// !$*UTF8*$!
{
	archiveVersion = 1;
	classes = {
	};
	objectVersion = 56;
	objects = {

/* Begin PBXBuildFile section */
		49D492162BA7EE62007195D1 /* AppDelegate.swift in Sources */ = {isa = PBXBuildFile; fileRef = 49D492152BA7EE62007195D1 /* AppDelegate.swift */; };
		49D4921F2BA7EE65007195D1 /* Assets.xcassets in Resources */ = {isa = PBXBuildFile; fileRef = 49D4921E2BA7EE65007195D1 /* Assets.xcassets */; };
		49D492222BA7EE65007195D1 /* Base in Resources */ = {isa = PBXBuildFile; fileRef = 49D492212BA7EE65007195D1 /* Base */; };
		49D4922E2BA816C5007195D1 /* MainCoordinator.swift in Sources */ = {isa = PBXBuildFile; fileRef = 49D492292BA816C5007195D1 /* MainCoordinator.swift */; };
		49D4922F2BA816C5007195D1 /* ProjectCoordinator.swift in Sources */ = {isa = PBXBuildFile; fileRef = 49D4922A2BA816C5007195D1 /* ProjectCoordinator.swift */; };
		49D492302BA816C5007195D1 /* route.plist in Resources */ = {isa = PBXBuildFile; fileRef = 49D4922C2BA816C5007195D1 /* route.plist */; };
		49D492352BA81F31007195D1 /* DictionaryAdditions.swift in Sources */ = {isa = PBXBuildFile; fileRef = 49D492322BA81F31007195D1 /* DictionaryAdditions.swift */; };
		49D492362BA81F31007195D1 /* Constants.swift in Sources */ = {isa = PBXBuildFile; fileRef = 49D492332BA81F31007195D1 /* Constants.swift */; };
		49D492382BA820B8007195D1 /* MusicAlbumViewController+create.swift in Sources */ = {isa = PBXBuildFile; fileRef = 49D492372BA820B8007195D1 /* MusicAlbumViewController+create.swift */; };
		49D4923F2BA82675007195D1 /* Top100ViewModel.swift in Sources */ = {isa = PBXBuildFile; fileRef = 49D4923E2BA82675007195D1 /* Top100ViewModel.swift */; };
		49D492412BA826DA007195D1 /* MusicAlbumViewModel.swift in Sources */ = {isa = PBXBuildFile; fileRef = 49D492402BA826DA007195D1 /* MusicAlbumViewModel.swift */; };
		49D492442BA830D2007195D1 /* RSSFetcher.swift in Sources */ = {isa = PBXBuildFile; fileRef = 49D492432BA830D2007195D1 /* RSSFetcher.swift */; };
		49D492462BA83485007195D1 /* MusicAlbumView.swift in Sources */ = {isa = PBXBuildFile; fileRef = 49D492452BA83485007195D1 /* MusicAlbumView.swift */; };
		49D4924C2BA835BC007195D1 /* Top100View.swift in Sources */ = {isa = PBXBuildFile; fileRef = 49D4924B2BA835BC007195D1 /* Top100View.swift */; };
		49D492502BA8387F007195D1 /* MusicAlbumViewController.swift in Sources */ = {isa = PBXBuildFile; fileRef = 49D4924D2BA8387F007195D1 /* MusicAlbumViewController.swift */; };
		49D492512BA8387F007195D1 /* Top100ViewController.swift in Sources */ = {isa = PBXBuildFile; fileRef = 49D4924E2BA8387F007195D1 /* Top100ViewController.swift */; };
		49D492542BA846BE007195D1 /* MusicAlbumTileCollectionViewCell.swift in Sources */ = {isa = PBXBuildFile; fileRef = 49D492532BA846BE007195D1 /* MusicAlbumTileCollectionViewCell.swift */; };
		49D492562BA849FB007195D1 /* UIColor+Hex.swift in Sources */ = {isa = PBXBuildFile; fileRef = 49D492552BA849FB007195D1 /* UIColor+Hex.swift */; };
		49D492582BA86F40007195D1 /* MusicAlbumTileCollectionHeaderView.swift in Sources */ = {isa = PBXBuildFile; fileRef = 49D492572BA86F40007195D1 /* MusicAlbumTileCollectionHeaderView.swift */; };
		49D4925A2BA89313007195D1 /* AlbumDetailViewController.swift in Sources */ = {isa = PBXBuildFile; fileRef = 49D492592BA89313007195D1 /* AlbumDetailViewController.swift */; };
		49D4925C2BA8936F007195D1 /* AlbumDetailView.swift in Sources */ = {isa = PBXBuildFile; fileRef = 49D4925B2BA8936F007195D1 /* AlbumDetailView.swift */; };
		49D4925E2BA8937B007195D1 /* AlbumDetailViewModel.swift in Sources */ = {isa = PBXBuildFile; fileRef = 49D4925D2BA8937B007195D1 /* AlbumDetailViewModel.swift */; };
		49D492602BA8ABB3007195D1 /* UIImageView+Loading.swift in Sources */ = {isa = PBXBuildFile; fileRef = 49D4925F2BA8ABB3007195D1 /* UIImageView+Loading.swift */; };
		49D492622BA8B54D007195D1 /* GenreButton.swift in Sources */ = {isa = PBXBuildFile; fileRef = 49D492612BA8B54D007195D1 /* GenreButton.swift */; };
		49D492642BA9220B007195D1 /* MusicAlbum.swift in Sources */ = {isa = PBXBuildFile; fileRef = 49D492632BA9220B007195D1 /* MusicAlbum.swift */; };
		49D492662BA93408007195D1 /* Genre.swift in Sources */ = {isa = PBXBuildFile; fileRef = 49D492652BA93408007195D1 /* Genre.swift */; };
		49D4926A2BA93473007195D1 /* FeedRepository.swift in Sources */ = {isa = PBXBuildFile; fileRef = 49D492692BA93473007195D1 /* FeedRepository.swift */; };
		49D4926C2BA93555007195D1 /* MusicAlbumsInstance.swift in Sources */ = {isa = PBXBuildFile; fileRef = 49D4926B2BA93555007195D1 /* MusicAlbumsInstance.swift */; };
		49D492742BA937F3007195D1 /* Feed.swift in Sources */ = {isa = PBXBuildFile; fileRef = 49D492732BA937F3007195D1 /* Feed.swift */; };
		49D492782BA96EC6007195D1 /* FeedInstance.swift in Sources */ = {isa = PBXBuildFile; fileRef = 49D492772BA96EC6007195D1 /* FeedInstance.swift */; };
		49D4927C2BA97912007195D1 /* Realm+Extensions.swift in Sources */ = {isa = PBXBuildFile; fileRef = 49D4927B2BA97912007195D1 /* Realm+Extensions.swift */; };
		666C7B6AD3CBEFCC40852C1B /* Pods_VamaCCMusicAlbum.framework in Frameworks */ = {isa = PBXBuildFile; fileRef = 763A14E5332FDECD425F4D54 /* Pods_VamaCCMusicAlbum.framework */; };
/* End PBXBuildFile section */

/* Begin PBXFileReference section */
		2746FB4D85BD8DC07D87A3D2 /* Pods-VamaCCMusicAlbum.release.xcconfig */ = {isa = PBXFileReference; includeInIndex = 1; lastKnownFileType = text.xcconfig; name = "Pods-VamaCCMusicAlbum.release.xcconfig"; path = "Target Support Files/Pods-VamaCCMusicAlbum/Pods-VamaCCMusicAlbum.release.xcconfig"; sourceTree = "<group>"; };
		49D492122BA7EE62007195D1 /* VamaCCMusicAlbum.app */ = {isa = PBXFileReference; explicitFileType = wrapper.application; includeInIndex = 0; path = VamaCCMusicAlbum.app; sourceTree = BUILT_PRODUCTS_DIR; };
		49D492152BA7EE62007195D1 /* AppDelegate.swift */ = {isa = PBXFileReference; lastKnownFileType = sourcecode.swift; path = AppDelegate.swift; sourceTree = "<group>"; };
		49D4921E2BA7EE65007195D1 /* Assets.xcassets */ = {isa = PBXFileReference; lastKnownFileType = folder.assetcatalog; path = Assets.xcassets; sourceTree = "<group>"; };
		49D492212BA7EE65007195D1 /* Base */ = {isa = PBXFileReference; lastKnownFileType = file.storyboard; name = Base; path = Base.lproj/LaunchScreen.storyboard; sourceTree = "<group>"; };
		49D492232BA7EE65007195D1 /* Info.plist */ = {isa = PBXFileReference; lastKnownFileType = text.plist.xml; path = Info.plist; sourceTree = "<group>"; };
		49D492292BA816C5007195D1 /* MainCoordinator.swift */ = {isa = PBXFileReference; fileEncoding = 4; lastKnownFileType = sourcecode.swift; path = MainCoordinator.swift; sourceTree = "<group>"; };
		49D4922A2BA816C5007195D1 /* ProjectCoordinator.swift */ = {isa = PBXFileReference; fileEncoding = 4; lastKnownFileType = sourcecode.swift; path = ProjectCoordinator.swift; sourceTree = "<group>"; };
		49D4922C2BA816C5007195D1 /* route.plist */ = {isa = PBXFileReference; fileEncoding = 4; lastKnownFileType = text.plist.xml; path = route.plist; sourceTree = "<group>"; };
		49D492322BA81F31007195D1 /* DictionaryAdditions.swift */ = {isa = PBXFileReference; fileEncoding = 4; lastKnownFileType = sourcecode.swift; path = DictionaryAdditions.swift; sourceTree = "<group>"; };
		49D492332BA81F31007195D1 /* Constants.swift */ = {isa = PBXFileReference; fileEncoding = 4; lastKnownFileType = sourcecode.swift; path = Constants.swift; sourceTree = "<group>"; };
		49D492372BA820B8007195D1 /* MusicAlbumViewController+create.swift */ = {isa = PBXFileReference; lastKnownFileType = sourcecode.swift; path = "MusicAlbumViewController+create.swift"; sourceTree = "<group>"; };
		49D4923E2BA82675007195D1 /* Top100ViewModel.swift */ = {isa = PBXFileReference; lastKnownFileType = sourcecode.swift; path = Top100ViewModel.swift; sourceTree = "<group>"; };
		49D492402BA826DA007195D1 /* MusicAlbumViewModel.swift */ = {isa = PBXFileReference; lastKnownFileType = sourcecode.swift; path = MusicAlbumViewModel.swift; sourceTree = "<group>"; };
		49D492432BA830D2007195D1 /* RSSFetcher.swift */ = {isa = PBXFileReference; lastKnownFileType = sourcecode.swift; path = RSSFetcher.swift; sourceTree = "<group>"; };
		49D492452BA83485007195D1 /* MusicAlbumView.swift */ = {isa = PBXFileReference; lastKnownFileType = sourcecode.swift; path = MusicAlbumView.swift; sourceTree = "<group>"; };
		49D4924B2BA835BC007195D1 /* Top100View.swift */ = {isa = PBXFileReference; lastKnownFileType = sourcecode.swift; path = Top100View.swift; sourceTree = "<group>"; };
		49D4924D2BA8387F007195D1 /* MusicAlbumViewController.swift */ = {isa = PBXFileReference; fileEncoding = 4; lastKnownFileType = sourcecode.swift; path = MusicAlbumViewController.swift; sourceTree = "<group>"; };
		49D4924E2BA8387F007195D1 /* Top100ViewController.swift */ = {isa = PBXFileReference; fileEncoding = 4; lastKnownFileType = sourcecode.swift; path = Top100ViewController.swift; sourceTree = "<group>"; };
		49D492532BA846BE007195D1 /* MusicAlbumTileCollectionViewCell.swift */ = {isa = PBXFileReference; lastKnownFileType = sourcecode.swift; path = MusicAlbumTileCollectionViewCell.swift; sourceTree = "<group>"; };
		49D492552BA849FB007195D1 /* UIColor+Hex.swift */ = {isa = PBXFileReference; lastKnownFileType = sourcecode.swift; path = "UIColor+Hex.swift"; sourceTree = "<group>"; };
		49D492572BA86F40007195D1 /* MusicAlbumTileCollectionHeaderView.swift */ = {isa = PBXFileReference; lastKnownFileType = sourcecode.swift; path = MusicAlbumTileCollectionHeaderView.swift; sourceTree = "<group>"; };
		49D492592BA89313007195D1 /* AlbumDetailViewController.swift */ = {isa = PBXFileReference; lastKnownFileType = sourcecode.swift; path = AlbumDetailViewController.swift; sourceTree = "<group>"; };
		49D4925B2BA8936F007195D1 /* AlbumDetailView.swift */ = {isa = PBXFileReference; lastKnownFileType = sourcecode.swift; path = AlbumDetailView.swift; sourceTree = "<group>"; };
		49D4925D2BA8937B007195D1 /* AlbumDetailViewModel.swift */ = {isa = PBXFileReference; lastKnownFileType = sourcecode.swift; path = AlbumDetailViewModel.swift; sourceTree = "<group>"; };
		49D4925F2BA8ABB3007195D1 /* UIImageView+Loading.swift */ = {isa = PBXFileReference; lastKnownFileType = sourcecode.swift; path = "UIImageView+Loading.swift"; sourceTree = "<group>"; };
		49D492612BA8B54D007195D1 /* GenreButton.swift */ = {isa = PBXFileReference; lastKnownFileType = sourcecode.swift; path = GenreButton.swift; sourceTree = "<group>"; };
		49D492632BA9220B007195D1 /* MusicAlbum.swift */ = {isa = PBXFileReference; lastKnownFileType = sourcecode.swift; path = MusicAlbum.swift; sourceTree = "<group>"; };
		49D492652BA93408007195D1 /* Genre.swift */ = {isa = PBXFileReference; lastKnownFileType = sourcecode.swift; path = Genre.swift; sourceTree = "<group>"; };
		49D492692BA93473007195D1 /* FeedRepository.swift */ = {isa = PBXFileReference; lastKnownFileType = sourcecode.swift; path = FeedRepository.swift; sourceTree = "<group>"; };
		49D4926B2BA93555007195D1 /* MusicAlbumsInstance.swift */ = {isa = PBXFileReference; lastKnownFileType = sourcecode.swift; path = MusicAlbumsInstance.swift; sourceTree = "<group>"; };
		49D492732BA937F3007195D1 /* Feed.swift */ = {isa = PBXFileReference; lastKnownFileType = sourcecode.swift; path = Feed.swift; sourceTree = "<group>"; };
		49D492772BA96EC6007195D1 /* FeedInstance.swift */ = {isa = PBXFileReference; lastKnownFileType = sourcecode.swift; path = FeedInstance.swift; sourceTree = "<group>"; };
		49D4927B2BA97912007195D1 /* Realm+Extensions.swift */ = {isa = PBXFileReference; lastKnownFileType = sourcecode.swift; path = "Realm+Extensions.swift"; sourceTree = "<group>"; };
		763A14E5332FDECD425F4D54 /* Pods_VamaCCMusicAlbum.framework */ = {isa = PBXFileReference; explicitFileType = wrapper.framework; includeInIndex = 0; path = Pods_VamaCCMusicAlbum.framework; sourceTree = BUILT_PRODUCTS_DIR; };
		C7E3E51B79F3D5823BB3582D /* Pods-VamaCCMusicAlbum.debug.xcconfig */ = {isa = PBXFileReference; includeInIndex = 1; lastKnownFileType = text.xcconfig; name = "Pods-VamaCCMusicAlbum.debug.xcconfig"; path = "Target Support Files/Pods-VamaCCMusicAlbum/Pods-VamaCCMusicAlbum.debug.xcconfig"; sourceTree = "<group>"; };
/* End PBXFileReference section */

/* Begin PBXFrameworksBuildPhase section */
		49D4920F2BA7EE62007195D1 /* Frameworks */ = {
			isa = PBXFrameworksBuildPhase;
			buildActionMask = 2147483647;
			files = (
				666C7B6AD3CBEFCC40852C1B /* Pods_VamaCCMusicAlbum.framework in Frameworks */,
			);
			runOnlyForDeploymentPostprocessing = 0;
		};
/* End PBXFrameworksBuildPhase section */

/* Begin PBXGroup section */
		48231652851C0EFCB1F7050C /* Frameworks */ = {
			isa = PBXGroup;
			children = (
				763A14E5332FDECD425F4D54 /* Pods_VamaCCMusicAlbum.framework */,
			);
			name = Frameworks;
			sourceTree = "<group>";
		};
		49D492092BA7EE62007195D1 = {
			isa = PBXGroup;
			children = (
				49D492142BA7EE62007195D1 /* VamaCCMusicAlbum */,
				49D492132BA7EE62007195D1 /* Products */,
				EDD4E195B2E93DBC49C75BCB /* Pods */,
				48231652851C0EFCB1F7050C /* Frameworks */,
			);
			sourceTree = "<group>";
		};
		49D492132BA7EE62007195D1 /* Products */ = {
			isa = PBXGroup;
			children = (
				49D492122BA7EE62007195D1 /* VamaCCMusicAlbum.app */,
			);
			name = Products;
			sourceTree = "<group>";
		};
		49D492142BA7EE62007195D1 /* VamaCCMusicAlbum */ = {
			isa = PBXGroup;
			children = (
				49D4924F2BA8387F007195D1 /* ViewController */,
				49D492422BA830BB007195D1 /* Model */,
				49D4923D2BA8265E007195D1 /* View */,
				49D4923C2BA8265E007195D1 /* ViewModel */,
				49D492342BA81F31007195D1 /* Extensions */,
				49D4922B2BA816C5007195D1 /* Coordinator */,
				49D4922D2BA816C5007195D1 /* Router */,
				49D492152BA7EE62007195D1 /* AppDelegate.swift */,
				49D4921E2BA7EE65007195D1 /* Assets.xcassets */,
				49D492202BA7EE65007195D1 /* LaunchScreen.storyboard */,
				49D492232BA7EE65007195D1 /* Info.plist */,
			);
			path = VamaCCMusicAlbum;
			sourceTree = "<group>";
		};
		49D4922B2BA816C5007195D1 /* Coordinator */ = {
			isa = PBXGroup;
			children = (
				49D492292BA816C5007195D1 /* MainCoordinator.swift */,
				49D4922A2BA816C5007195D1 /* ProjectCoordinator.swift */,
			);
			path = Coordinator;
			sourceTree = "<group>";
		};
		49D4922D2BA816C5007195D1 /* Router */ = {
			isa = PBXGroup;
			children = (
				49D4922C2BA816C5007195D1 /* route.plist */,
			);
			path = Router;
			sourceTree = "<group>";
		};
		49D492342BA81F31007195D1 /* Extensions */ = {
			isa = PBXGroup;
			children = (
				49D492322BA81F31007195D1 /* DictionaryAdditions.swift */,
				49D492332BA81F31007195D1 /* Constants.swift */,
				49D492372BA820B8007195D1 /* MusicAlbumViewController+create.swift */,
				49D492552BA849FB007195D1 /* UIColor+Hex.swift */,
				49D4925F2BA8ABB3007195D1 /* UIImageView+Loading.swift */,
			);
			path = Extensions;
			sourceTree = "<group>";
		};
		49D4923C2BA8265E007195D1 /* ViewModel */ = {
			isa = PBXGroup;
			children = (
				49D4923E2BA82675007195D1 /* Top100ViewModel.swift */,
				49D492402BA826DA007195D1 /* MusicAlbumViewModel.swift */,
				49D4925D2BA8937B007195D1 /* AlbumDetailViewModel.swift */,
			);
			path = ViewModel;
			sourceTree = "<group>";
		};
		49D4923D2BA8265E007195D1 /* View */ = {
			isa = PBXGroup;
			children = (
				49D492522BA846A5007195D1 /* Cells */,
				49D492452BA83485007195D1 /* MusicAlbumView.swift */,
				49D4924B2BA835BC007195D1 /* Top100View.swift */,
				49D4925B2BA8936F007195D1 /* AlbumDetailView.swift */,
				49D492612BA8B54D007195D1 /* GenreButton.swift */,
			);
			path = View;
			sourceTree = "<group>";
		};
		49D492422BA830BB007195D1 /* Model */ = {
			isa = PBXGroup;
			children = (
				49D492432BA830D2007195D1 /* RSSFetcher.swift */,
				49D492632BA9220B007195D1 /* MusicAlbum.swift */,
				49D492652BA93408007195D1 /* Genre.swift */,
				49D492732BA937F3007195D1 /* Feed.swift */,
				49D492692BA93473007195D1 /* FeedRepository.swift */,
				49D492772BA96EC6007195D1 /* FeedInstance.swift */,
				49D4927B2BA97912007195D1 /* Realm+Extensions.swift */,
				49D4926B2BA93555007195D1 /* MusicAlbumsInstance.swift */,
			);
			path = Model;
			sourceTree = "<group>";
		};
		49D4924F2BA8387F007195D1 /* ViewController */ = {
			isa = PBXGroup;
			children = (
				49D4924D2BA8387F007195D1 /* MusicAlbumViewController.swift */,
				49D4924E2BA8387F007195D1 /* Top100ViewController.swift */,
				49D492592BA89313007195D1 /* AlbumDetailViewController.swift */,
			);
			path = ViewController;
			sourceTree = "<group>";
		};
		49D492522BA846A5007195D1 /* Cells */ = {
			isa = PBXGroup;
			children = (
				49D492532BA846BE007195D1 /* MusicAlbumTileCollectionViewCell.swift */,
				49D492572BA86F40007195D1 /* MusicAlbumTileCollectionHeaderView.swift */,
			);
			path = Cells;
			sourceTree = "<group>";
		};
		EDD4E195B2E93DBC49C75BCB /* Pods */ = {
			isa = PBXGroup;
			children = (
				C7E3E51B79F3D5823BB3582D /* Pods-VamaCCMusicAlbum.debug.xcconfig */,
				2746FB4D85BD8DC07D87A3D2 /* Pods-VamaCCMusicAlbum.release.xcconfig */,
			);
			path = Pods;
			sourceTree = "<group>";
		};
/* End PBXGroup section */

/* Begin PBXNativeTarget section */
		49D492112BA7EE62007195D1 /* VamaCCMusicAlbum */ = {
			isa = PBXNativeTarget;
			buildConfigurationList = 49D492262BA7EE65007195D1 /* Build configuration list for PBXNativeTarget "VamaCCMusicAlbum" */;
			buildPhases = (
				97A22BFD28A943380F64A883 /* [CP] Check Pods Manifest.lock */,
				49D4920E2BA7EE62007195D1 /* Sources */,
				49D4920F2BA7EE62007195D1 /* Frameworks */,
				49D492102BA7EE62007195D1 /* Resources */,
				9BE059E4BF3C1448119BAF73 /* [CP] Embed Pods Frameworks */,
			);
			buildRules = (
			);
			dependencies = (
			);
			name = VamaCCMusicAlbum;
			productName = VamaCCMusicAlbum;
			productReference = 49D492122BA7EE62007195D1 /* VamaCCMusicAlbum.app */;
			productType = "com.apple.product-type.application";
		};
/* End PBXNativeTarget section */

/* Begin PBXProject section */
		49D4920A2BA7EE62007195D1 /* Project object */ = {
			isa = PBXProject;
			attributes = {
				BuildIndependentTargetsInParallel = 1;
				LastSwiftUpdateCheck = 1530;
				LastUpgradeCheck = 1530;
				TargetAttributes = {
					49D492112BA7EE62007195D1 = {
						CreatedOnToolsVersion = 15.3;
					};
				};
			};
			buildConfigurationList = 49D4920D2BA7EE62007195D1 /* Build configuration list for PBXProject "VamaCCMusicAlbum" */;
			compatibilityVersion = "Xcode 14.0";
			developmentRegion = en;
			hasScannedForEncodings = 0;
			knownRegions = (
				en,
				Base,
			);
			mainGroup = 49D492092BA7EE62007195D1;
			productRefGroup = 49D492132BA7EE62007195D1 /* Products */;
			projectDirPath = "";
			projectRoot = "";
			targets = (
				49D492112BA7EE62007195D1 /* VamaCCMusicAlbum */,
			);
		};
/* End PBXProject section */

/* Begin PBXResourcesBuildPhase section */
		49D492102BA7EE62007195D1 /* Resources */ = {
			isa = PBXResourcesBuildPhase;
			buildActionMask = 2147483647;
			files = (
				49D492302BA816C5007195D1 /* route.plist in Resources */,
				49D4921F2BA7EE65007195D1 /* Assets.xcassets in Resources */,
				49D492222BA7EE65007195D1 /* Base in Resources */,
			);
			runOnlyForDeploymentPostprocessing = 0;
		};
/* End PBXResourcesBuildPhase section */

/* Begin PBXShellScriptBuildPhase section */
		97A22BFD28A943380F64A883 /* [CP] Check Pods Manifest.lock */ = {
			isa = PBXShellScriptBuildPhase;
			buildActionMask = 2147483647;
			files = (
			);
			inputFileListPaths = (
			);
			inputPaths = (
				"${PODS_PODFILE_DIR_PATH}/Podfile.lock",
				"${PODS_ROOT}/Manifest.lock",
			);
			name = "[CP] Check Pods Manifest.lock";
			outputFileListPaths = (
			);
			outputPaths = (
				"$(DERIVED_FILE_DIR)/Pods-VamaCCMusicAlbum-checkManifestLockResult.txt",
			);
			runOnlyForDeploymentPostprocessing = 0;
			shellPath = /bin/sh;
			shellScript = "diff \"${PODS_PODFILE_DIR_PATH}/Podfile.lock\" \"${PODS_ROOT}/Manifest.lock\" > /dev/null\nif [ $? != 0 ] ; then\n    # print error to STDERR\n    echo \"error: The sandbox is not in sync with the Podfile.lock. Run 'pod install' or update your CocoaPods installation.\" >&2\n    exit 1\nfi\n# This output is used by Xcode 'outputs' to avoid re-running this script phase.\necho \"SUCCESS\" > \"${SCRIPT_OUTPUT_FILE_0}\"\n";
			showEnvVarsInLog = 0;
		};
		9BE059E4BF3C1448119BAF73 /* [CP] Embed Pods Frameworks */ = {
			isa = PBXShellScriptBuildPhase;
			buildActionMask = 2147483647;
			files = (
			);
			inputFileListPaths = (
				"${PODS_ROOT}/Target Support Files/Pods-VamaCCMusicAlbum/Pods-VamaCCMusicAlbum-frameworks-${CONFIGURATION}-input-files.xcfilelist",
			);
			name = "[CP] Embed Pods Frameworks";
			outputFileListPaths = (
				"${PODS_ROOT}/Target Support Files/Pods-VamaCCMusicAlbum/Pods-VamaCCMusicAlbum-frameworks-${CONFIGURATION}-output-files.xcfilelist",
			);
			runOnlyForDeploymentPostprocessing = 0;
			shellPath = /bin/sh;
			shellScript = "\"${PODS_ROOT}/Target Support Files/Pods-VamaCCMusicAlbum/Pods-VamaCCMusicAlbum-frameworks.sh\"\n";
			showEnvVarsInLog = 0;
		};
/* End PBXShellScriptBuildPhase section */

/* Begin PBXSourcesBuildPhase section */
		49D4920E2BA7EE62007195D1 /* Sources */ = {
			isa = PBXSourcesBuildPhase;
			buildActionMask = 2147483647;
			files = (
				49D492542BA846BE007195D1 /* MusicAlbumTileCollectionViewCell.swift in Sources */,
				49D492742BA937F3007195D1 /* Feed.swift in Sources */,
				49D492622BA8B54D007195D1 /* GenreButton.swift in Sources */,
				49D492662BA93408007195D1 /* Genre.swift in Sources */,
				49D492352BA81F31007195D1 /* DictionaryAdditions.swift in Sources */,
				49D4924C2BA835BC007195D1 /* Top100View.swift in Sources */,
				49D4922E2BA816C5007195D1 /* MainCoordinator.swift in Sources */,
				49D492442BA830D2007195D1 /* RSSFetcher.swift in Sources */,
				49D492512BA8387F007195D1 /* Top100ViewController.swift in Sources */,
				49D492642BA9220B007195D1 /* MusicAlbum.swift in Sources */,
				49D4923F2BA82675007195D1 /* Top100ViewModel.swift in Sources */,
				49D492582BA86F40007195D1 /* MusicAlbumTileCollectionHeaderView.swift in Sources */,
				49D492462BA83485007195D1 /* MusicAlbumView.swift in Sources */,
				49D4926C2BA93555007195D1 /* MusicAlbumsInstance.swift in Sources */,
				49D492602BA8ABB3007195D1 /* UIImageView+Loading.swift in Sources */,
				49D492502BA8387F007195D1 /* MusicAlbumViewController.swift in Sources */,
				49D4926A2BA93473007195D1 /* FeedRepository.swift in Sources */,
				49D4927C2BA97912007195D1 /* Realm+Extensions.swift in Sources */,
				49D492562BA849FB007195D1 /* UIColor+Hex.swift in Sources */,
				49D4922F2BA816C5007195D1 /* ProjectCoordinator.swift in Sources */,
				49D492162BA7EE62007195D1 /* AppDelegate.swift in Sources */,
				49D4925C2BA8936F007195D1 /* AlbumDetailView.swift in Sources */,
				49D492362BA81F31007195D1 /* Constants.swift in Sources */,
				49D492412BA826DA007195D1 /* MusicAlbumViewModel.swift in Sources */,
				49D4925A2BA89313007195D1 /* AlbumDetailViewController.swift in Sources */,
				49D4925E2BA8937B007195D1 /* AlbumDetailViewModel.swift in Sources */,
				49D492382BA820B8007195D1 /* MusicAlbumViewController+create.swift in Sources */,
				49D492782BA96EC6007195D1 /* FeedInstance.swift in Sources */,
			);
			runOnlyForDeploymentPostprocessing = 0;
		};
/* End PBXSourcesBuildPhase section */

/* Begin PBXVariantGroup section */
		49D492202BA7EE65007195D1 /* LaunchScreen.storyboard */ = {
			isa = PBXVariantGroup;
			children = (
				49D492212BA7EE65007195D1 /* Base */,
			);
			name = LaunchScreen.storyboard;
			sourceTree = "<group>";
		};
/* End PBXVariantGroup section */

/* Begin XCBuildConfiguration section */
		49D492242BA7EE65007195D1 /* Debug */ = {
			isa = XCBuildConfiguration;
			buildSettings = {
				ALWAYS_SEARCH_USER_PATHS = NO;
				ASSETCATALOG_COMPILER_GENERATE_SWIFT_ASSET_SYMBOL_EXTENSIONS = YES;
				CLANG_ANALYZER_NONNULL = YES;
				CLANG_ANALYZER_NUMBER_OBJECT_CONVERSION = YES_AGGRESSIVE;
				CLANG_CXX_LANGUAGE_STANDARD = "gnu++20";
				CLANG_ENABLE_MODULES = YES;
				CLANG_ENABLE_OBJC_ARC = YES;
				CLANG_ENABLE_OBJC_WEAK = YES;
				CLANG_WARN_BLOCK_CAPTURE_AUTORELEASING = YES;
				CLANG_WARN_BOOL_CONVERSION = YES;
				CLANG_WARN_COMMA = YES;
				CLANG_WARN_CONSTANT_CONVERSION = YES;
				CLANG_WARN_DEPRECATED_OBJC_IMPLEMENTATIONS = YES;
				CLANG_WARN_DIRECT_OBJC_ISA_USAGE = YES_ERROR;
				CLANG_WARN_DOCUMENTATION_COMMENTS = YES;
				CLANG_WARN_EMPTY_BODY = YES;
				CLANG_WARN_ENUM_CONVERSION = YES;
				CLANG_WARN_INFINITE_RECURSION = YES;
				CLANG_WARN_INT_CONVERSION = YES;
				CLANG_WARN_NON_LITERAL_NULL_CONVERSION = YES;
				CLANG_WARN_OBJC_IMPLICIT_RETAIN_SELF = YES;
				CLANG_WARN_OBJC_LITERAL_CONVERSION = YES;
				CLANG_WARN_OBJC_ROOT_CLASS = YES_ERROR;
				CLANG_WARN_QUOTED_INCLUDE_IN_FRAMEWORK_HEADER = YES;
				CLANG_WARN_RANGE_LOOP_ANALYSIS = YES;
				CLANG_WARN_STRICT_PROTOTYPES = YES;
				CLANG_WARN_SUSPICIOUS_MOVE = YES;
				CLANG_WARN_UNGUARDED_AVAILABILITY = YES_AGGRESSIVE;
				CLANG_WARN_UNREACHABLE_CODE = YES;
				CLANG_WARN__DUPLICATE_METHOD_MATCH = YES;
				COPY_PHASE_STRIP = NO;
				DEBUG_INFORMATION_FORMAT = dwarf;
				ENABLE_STRICT_OBJC_MSGSEND = YES;
				ENABLE_TESTABILITY = YES;
				ENABLE_USER_SCRIPT_SANDBOXING = NO;
				GCC_C_LANGUAGE_STANDARD = gnu17;
				GCC_DYNAMIC_NO_PIC = NO;
				GCC_NO_COMMON_BLOCKS = YES;
				GCC_OPTIMIZATION_LEVEL = 0;
				GCC_PREPROCESSOR_DEFINITIONS = (
					"DEBUG=1",
					"$(inherited)",
				);
				GCC_WARN_64_TO_32_BIT_CONVERSION = YES;
				GCC_WARN_ABOUT_RETURN_TYPE = YES_ERROR;
				GCC_WARN_UNDECLARED_SELECTOR = YES;
				GCC_WARN_UNINITIALIZED_AUTOS = YES_AGGRESSIVE;
				GCC_WARN_UNUSED_FUNCTION = YES;
				GCC_WARN_UNUSED_VARIABLE = YES;
				IPHONEOS_DEPLOYMENT_TARGET = 12.0;
				LOCALIZATION_PREFERS_STRING_CATALOGS = YES;
				MTL_ENABLE_DEBUG_INFO = INCLUDE_SOURCE;
				MTL_FAST_MATH = YES;
				ONLY_ACTIVE_ARCH = YES;
				SDKROOT = iphoneos;
				SWIFT_ACTIVE_COMPILATION_CONDITIONS = "DEBUG $(inherited)";
				SWIFT_OPTIMIZATION_LEVEL = "-Onone";
			};
			name = Debug;
		};
		49D492252BA7EE65007195D1 /* Release */ = {
			isa = XCBuildConfiguration;
			buildSettings = {
				ALWAYS_SEARCH_USER_PATHS = NO;
				ASSETCATALOG_COMPILER_GENERATE_SWIFT_ASSET_SYMBOL_EXTENSIONS = YES;
				CLANG_ANALYZER_NONNULL = YES;
				CLANG_ANALYZER_NUMBER_OBJECT_CONVERSION = YES_AGGRESSIVE;
				CLANG_CXX_LANGUAGE_STANDARD = "gnu++20";
				CLANG_ENABLE_MODULES = YES;
				CLANG_ENABLE_OBJC_ARC = YES;
				CLANG_ENABLE_OBJC_WEAK = YES;
				CLANG_WARN_BLOCK_CAPTURE_AUTORELEASING = YES;
				CLANG_WARN_BOOL_CONVERSION = YES;
				CLANG_WARN_COMMA = YES;
				CLANG_WARN_CONSTANT_CONVERSION = YES;
				CLANG_WARN_DEPRECATED_OBJC_IMPLEMENTATIONS = YES;
				CLANG_WARN_DIRECT_OBJC_ISA_USAGE = YES_ERROR;
				CLANG_WARN_DOCUMENTATION_COMMENTS = YES;
				CLANG_WARN_EMPTY_BODY = YES;
				CLANG_WARN_ENUM_CONVERSION = YES;
				CLANG_WARN_INFINITE_RECURSION = YES;
				CLANG_WARN_INT_CONVERSION = YES;
				CLANG_WARN_NON_LITERAL_NULL_CONVERSION = YES;
				CLANG_WARN_OBJC_IMPLICIT_RETAIN_SELF = YES;
				CLANG_WARN_OBJC_LITERAL_CONVERSION = YES;
				CLANG_WARN_OBJC_ROOT_CLASS = YES_ERROR;
				CLANG_WARN_QUOTED_INCLUDE_IN_FRAMEWORK_HEADER = YES;
				CLANG_WARN_RANGE_LOOP_ANALYSIS = YES;
				CLANG_WARN_STRICT_PROTOTYPES = YES;
				CLANG_WARN_SUSPICIOUS_MOVE = YES;
				CLANG_WARN_UNGUARDED_AVAILABILITY = YES_AGGRESSIVE;
				CLANG_WARN_UNREACHABLE_CODE = YES;
				CLANG_WARN__DUPLICATE_METHOD_MATCH = YES;
				COPY_PHASE_STRIP = NO;
				DEBUG_INFORMATION_FORMAT = "dwarf-with-dsym";
				ENABLE_NS_ASSERTIONS = NO;
				ENABLE_STRICT_OBJC_MSGSEND = YES;
				ENABLE_USER_SCRIPT_SANDBOXING = NO;
				GCC_C_LANGUAGE_STANDARD = gnu17;
				GCC_NO_COMMON_BLOCKS = YES;
				GCC_WARN_64_TO_32_BIT_CONVERSION = YES;
				GCC_WARN_ABOUT_RETURN_TYPE = YES_ERROR;
				GCC_WARN_UNDECLARED_SELECTOR = YES;
				GCC_WARN_UNINITIALIZED_AUTOS = YES_AGGRESSIVE;
				GCC_WARN_UNUSED_FUNCTION = YES;
				GCC_WARN_UNUSED_VARIABLE = YES;
				IPHONEOS_DEPLOYMENT_TARGET = 12.0;
				LOCALIZATION_PREFERS_STRING_CATALOGS = YES;
				MTL_ENABLE_DEBUG_INFO = NO;
				MTL_FAST_MATH = YES;
				SDKROOT = iphoneos;
				SWIFT_COMPILATION_MODE = wholemodule;
				VALIDATE_PRODUCT = YES;
			};
			name = Release;
		};
		49D492272BA7EE65007195D1 /* Debug */ = {
			isa = XCBuildConfiguration;
			baseConfigurationReference = C7E3E51B79F3D5823BB3582D /* Pods-VamaCCMusicAlbum.debug.xcconfig */;
			buildSettings = {
				ASSETCATALOG_COMPILER_APPICON_NAME = AppIcon;
				ASSETCATALOG_COMPILER_GLOBAL_ACCENT_COLOR_NAME = AccentColor;
				CODE_SIGN_STYLE = Automatic;
				CURRENT_PROJECT_VERSION = 1;
				DEVELOPMENT_TEAM = RM58XW84X9;
				GENERATE_INFOPLIST_FILE = YES;
				INFOPLIST_FILE = VamaCCMusicAlbum/Info.plist;
				INFOPLIST_KEY_UIApplicationSupportsIndirectInputEvents = YES;
				INFOPLIST_KEY_UILaunchStoryboardName = LaunchScreen;
				INFOPLIST_KEY_UISupportedInterfaceOrientations = UIInterfaceOrientationPortrait;
				IPHONEOS_DEPLOYMENT_TARGET = 12.0;
				LD_RUNPATH_SEARCH_PATHS = (
					"$(inherited)",
					"@executable_path/Frameworks",
				);
				MARKETING_VERSION = 1.0;
				PRODUCT_BUNDLE_IDENTIFIER = com.vama.VamaCCMusicAlbum;
				PRODUCT_NAME = "$(TARGET_NAME)";
				SWIFT_EMIT_LOC_STRINGS = YES;
				SWIFT_VERSION = 5.0;
				TARGETED_DEVICE_FAMILY = "1,2";
			};
			name = Debug;
		};
		49D492282BA7EE65007195D1 /* Release */ = {
			isa = XCBuildConfiguration;
			baseConfigurationReference = 2746FB4D85BD8DC07D87A3D2 /* Pods-VamaCCMusicAlbum.release.xcconfig */;
			buildSettings = {
				ASSETCATALOG_COMPILER_APPICON_NAME = AppIcon;
				ASSETCATALOG_COMPILER_GLOBAL_ACCENT_COLOR_NAME = AccentColor;
				CODE_SIGN_STYLE = Automatic;
				CURRENT_PROJECT_VERSION = 1;
				DEVELOPMENT_TEAM = RM58XW84X9;
				GENERATE_INFOPLIST_FILE = YES;
				INFOPLIST_FILE = VamaCCMusicAlbum/Info.plist;
				INFOPLIST_KEY_UIApplicationSupportsIndirectInputEvents = YES;
				INFOPLIST_KEY_UILaunchStoryboardName = LaunchScreen;
				INFOPLIST_KEY_UISupportedInterfaceOrientations = UIInterfaceOrientationPortrait;
				IPHONEOS_DEPLOYMENT_TARGET = 12.0;
				LD_RUNPATH_SEARCH_PATHS = (
					"$(inherited)",
					"@executable_path/Frameworks",
				);
				MARKETING_VERSION = 1.0;
				PRODUCT_BUNDLE_IDENTIFIER = com.vama.VamaCCMusicAlbum;
				PRODUCT_NAME = "$(TARGET_NAME)";
				SWIFT_EMIT_LOC_STRINGS = YES;
				SWIFT_VERSION = 5.0;
				TARGETED_DEVICE_FAMILY = "1,2";
			};
			name = Release;
		};
/* End XCBuildConfiguration section */

/* Begin XCConfigurationList section */
		49D4920D2BA7EE62007195D1 /* Build configuration list for PBXProject "VamaCCMusicAlbum" */ = {
			isa = XCConfigurationList;
			buildConfigurations = (
				49D492242BA7EE65007195D1 /* Debug */,
				49D492252BA7EE65007195D1 /* Release */,
			);
			defaultConfigurationIsVisible = 0;
			defaultConfigurationName = Release;
		};
		49D492262BA7EE65007195D1 /* Build configuration list for PBXNativeTarget "VamaCCMusicAlbum" */ = {
			isa = XCConfigurationList;
			buildConfigurations = (
				49D492272BA7EE65007195D1 /* Debug */,
				49D492282BA7EE65007195D1 /* Release */,
			);
			defaultConfigurationIsVisible = 0;
			defaultConfigurationName = Release;
		};
/* End XCConfigurationList section */
	};
	rootObject = 49D4920A2BA7EE62007195D1 /* Project object */;
}
